
Microsoft Visual Studio Solution File, Format Version 12.00
# Visual Studio 15
VisualStudioVersion = 15.0.27428.2043
MinimumVisualStudioVersion = 10.0.40219.1
Project("{FAE04EC0-301F-11D3-BF4B-00C04F79EFBC}") = "WindowBookFormApplication", "WindowBookFormApplication\WindowBookFormApplication.csproj", "{E7180152-57E3-48B7-892C-EB88FC6F82CF}"
EndProject
Global
	GlobalSection(SolutionConfigurationPlatforms) = preSolution
		Debug|Any CPU = Debug|Any CPU
		Release|Any CPU = Release|Any CPU
	EndGlobalSection
	GlobalSection(ProjectConfigurationPlatforms) = postSolution
		{E7180152-57E3-48B7-892C-EB88FC6F82CF}.Debug|Any CPU.ActiveCfg = Debug|Any CPU
		{E7180152-57E3-48B7-892C-EB88FC6F82CF}.Debug|Any CPU.Build.0 = Debug|Any CPU
		{E7180152-57E3-48B7-892C-EB88FC6F82CF}.Release|Any CPU.ActiveCfg = Release|Any CPU
		{E7180152-57E3-48B7-892C-EB88FC6F82CF}.Release|Any CPU.Build.0 = Release|Any CPU
	EndGlobalSection
	GlobalSection(SolutionProperties) = preSolution
		HideSolutionNode = FALSE
	EndGlobalSection
	GlobalSection(ExtensibilityGlobals) = postSolution
		SolutionGuid = {CACBF7B3-E8DB-4924-8A6B-44EFCBCC49D2}
	EndGlobalSection
EndGlobal
